
Microsoft Visual Studio Solution File, Format Version 12.00
# Visual Studio Version 17
VisualStudioVersion = 17.0.32112.339
MinimumVisualStudioVersion = 10.0.40219.1
Project("{FAE04EC0-301F-11D3-BF4B-00C04F79EFBC}") = "Programacao-Servidores", "Programacao-Servidores\Programacao-Servidores.csproj", "{1745FE5E-4946-48DC-A7BF-58A076E0D2B7}"
EndProject
Global
	GlobalSection(SolutionConfigurationPlatforms) = preSolution
		Debug|Any CPU = Debug|Any CPU
		Release|Any CPU = Release|Any CPU
	EndGlobalSection
	GlobalSection(ProjectConfigurationPlatforms) = postSolution
		{1745FE5E-4946-48DC-A7BF-58A076E0D2B7}.Debug|Any CPU.ActiveCfg = Debug|Any CPU
		{1745FE5E-4946-48DC-A7BF-58A076E0D2B7}.Debug|Any CPU.Build.0 = Debug|Any CPU
		{1745FE5E-4946-48DC-A7BF-58A076E0D2B7}.Release|Any CPU.ActiveCfg = Release|Any CPU
		{1745FE5E-4946-48DC-A7BF-58A076E0D2B7}.Release|Any CPU.Build.0 = Release|Any CPU
	EndGlobalSection
	GlobalSection(SolutionProperties) = preSolution
		HideSolutionNode = FALSE
	EndGlobalSection
	GlobalSection(ExtensibilityGlobals) = postSolution
		SolutionGuid = {9F4E7FA3-4B26-4534-9FEE-923C54529582}
	EndGlobalSection
EndGlobal
